
Microsoft Visual Studio Solution File, Format Version 12.00
# Visual Studio Version 16
VisualStudioVersion = 16.0.30114.105
MinimumVisualStudioVersion = 10.0.40219.1
Project("{2150E333-8FDC-42A3-9474-1A3956D46DE8}") = "src", "src", "{2CF015E3-52A1-432C-807F-91B26CF18BE6}"
EndProject
Project("{FAE04EC0-301F-11D3-BF4B-00C04F79EFBC}") = "MyMicroservice", "src\MyMicroservice\MyMicroservice.csproj", "{9027CDB0-D3DA-4626-99B9-DC1CDE85F84E}"
EndProject
Global
	GlobalSection(SolutionConfigurationPlatforms) = preSolution
		Debug|Any CPU = Debug|Any CPU
		Release|Any CPU = Release|Any CPU
	EndGlobalSection
	GlobalSection(SolutionProperties) = preSolution
		HideSolutionNode = FALSE
	EndGlobalSection
	GlobalSection(ProjectConfigurationPlatforms) = postSolution
		{9027CDB0-D3DA-4626-99B9-DC1CDE85F84E}.Debug|Any CPU.ActiveCfg = Debug|Any CPU
		{9027CDB0-D3DA-4626-99B9-DC1CDE85F84E}.Debug|Any CPU.Build.0 = Debug|Any CPU
		{9027CDB0-D3DA-4626-99B9-DC1CDE85F84E}.Release|Any CPU.ActiveCfg = Release|Any CPU
		{9027CDB0-D3DA-4626-99B9-DC1CDE85F84E}.Release|Any CPU.Build.0 = Release|Any CPU
	EndGlobalSection
	GlobalSection(NestedProjects) = preSolution
		{9027CDB0-D3DA-4626-99B9-DC1CDE85F84E} = {2CF015E3-52A1-432C-807F-91B26CF18BE6}
	EndGlobalSection
EndGlobal
